
Microsoft Visual Studio Solution File, Format Version 12.00
# Visual Studio 15
VisualStudioVersion = 15.0.27130.2036
MinimumVisualStudioVersion = 10.0.40219.1
Project("{8BC9CEB8-8B4A-11D0-8D11-00A0C91BC942}") = "Project3", "Project3\Project3.vcxproj", "{11BDD4BA-0F3E-4058-8CB9-B7BF0297498B}"
EndProject
Global
	GlobalSection(SolutionConfigurationPlatforms) = preSolution
		Debug|x64 = Debug|x64
		Debug|x86 = Debug|x86
		Release|x64 = Release|x64
		Release|x86 = Release|x86
	EndGlobalSection
	GlobalSection(ProjectConfigurationPlatforms) = postSolution
		{11BDD4BA-0F3E-4058-8CB9-B7BF0297498B}.Debug|x64.ActiveCfg = Debug|x64
		{11BDD4BA-0F3E-4058-8CB9-B7BF0297498B}.Debug|x64.Build.0 = Debug|x64
		{11BDD4BA-0F3E-4058-8CB9-B7BF0297498B}.Debug|x86.ActiveCfg = Debug|Win32
		{11BDD4BA-0F3E-4058-8CB9-B7BF0297498B}.Debug|x86.Build.0 = Debug|Win32
		{11BDD4BA-0F3E-4058-8CB9-B7BF0297498B}.Release|x64.ActiveCfg = Release|x64
		{11BDD4BA-0F3E-4058-8CB9-B7BF0297498B}.Release|x64.Build.0 = Release|x64
		{11BDD4BA-0F3E-4058-8CB9-B7BF0297498B}.Release|x86.ActiveCfg = Release|Win32
		{11BDD4BA-0F3E-4058-8CB9-B7BF0297498B}.Release|x86.Build.0 = Release|Win32
	EndGlobalSection
	GlobalSection(SolutionProperties) = preSolution
		HideSolutionNode = FALSE
	EndGlobalSection
	GlobalSection(ExtensibilityGlobals) = postSolution
		SolutionGuid = {89E33E33-5A84-4DEC-A213-E0725587AE18}
	EndGlobalSection
EndGlobal
